
Microsoft Visual Studio Solution File, Format Version 12.00
# Visual Studio Version 17
VisualStudioVersion = 17.5.33627.172
MinimumVisualStudioVersion = 10.0.40219.1
Project("{FAE04EC0-301F-11D3-BF4B-00C04F79EFBC}") = "Paledimilestone 2", "Paledimilestone 2.csproj", "{5706EA1D-D6BB-4797-9579-D65681326643}"
EndProject
Global
	GlobalSection(SolutionConfigurationPlatforms) = preSolution
		Debug|Any CPU = Debug|Any CPU
		Release|Any CPU = Release|Any CPU
	EndGlobalSection
	GlobalSection(ProjectConfigurationPlatforms) = postSolution
		{5706EA1D-D6BB-4797-9579-D65681326643}.Debug|Any CPU.ActiveCfg = Debug|Any CPU
		{5706EA1D-D6BB-4797-9579-D65681326643}.Debug|Any CPU.Build.0 = Debug|Any CPU
		{5706EA1D-D6BB-4797-9579-D65681326643}.Release|Any CPU.ActiveCfg = Release|Any CPU
		{5706EA1D-D6BB-4797-9579-D65681326643}.Release|Any CPU.Build.0 = Release|Any CPU
	EndGlobalSection
	GlobalSection(SolutionProperties) = preSolution
		HideSolutionNode = FALSE
	EndGlobalSection
	GlobalSection(ExtensibilityGlobals) = postSolution
		SolutionGuid = {5513C3F1-5904-4F0C-B2C3-F8722868EF9F}
	EndGlobalSection
EndGlobal
